
Microsoft Visual Studio Solution File, Format Version 12.00
# Visual Studio Version 17
VisualStudioVersion = 17.4.33110.190
MinimumVisualStudioVersion = 10.0.40219.1
Project("{FAE04EC0-301F-11D3-BF4B-00C04F79EFBC}") = "FinekraApi", "FinekraApi.csproj", "{B13C14CA-1161-4903-B6C5-7A6F52A63BED}"
EndProject
Global
	GlobalSection(SolutionConfigurationPlatforms) = preSolution
		Debug|Any CPU = Debug|Any CPU
		Release|Any CPU = Release|Any CPU
	EndGlobalSection
	GlobalSection(ProjectConfigurationPlatforms) = postSolution
		{B13C14CA-1161-4903-B6C5-7A6F52A63BED}.Debug|Any CPU.ActiveCfg = Debug|Any CPU
		{B13C14CA-1161-4903-B6C5-7A6F52A63BED}.Debug|Any CPU.Build.0 = Debug|Any CPU
		{B13C14CA-1161-4903-B6C5-7A6F52A63BED}.Release|Any CPU.ActiveCfg = Release|Any CPU
		{B13C14CA-1161-4903-B6C5-7A6F52A63BED}.Release|Any CPU.Build.0 = Release|Any CPU
	EndGlobalSection
	GlobalSection(SolutionProperties) = preSolution
		HideSolutionNode = FALSE
	EndGlobalSection
	GlobalSection(ExtensibilityGlobals) = postSolution
		SolutionGuid = {B60005BC-50F7-4C2F-A861-60D994E01734}
	EndGlobalSection
EndGlobal
